// !$*UTF8*$!
{
	archiveVersion = 1;
	classes = {
	};
	objectVersion = 46;
	objects = {

/* Begin PBXBuildFile section */
		1850233B1F373C9100C3470E /* main.m in Sources */ = {isa = PBXBuildFile; fileRef = 1850233A1F373C9100C3470E /* main.m */; };
		1850233E1F373C9100C3470E /* AppDelegate.m in Sources */ = {isa = PBXBuildFile; fileRef = 1850233D1F373C9100C3470E /* AppDelegate.m */; };
		185023461F373C9100C3470E /* Assets.xcassets in Resources */ = {isa = PBXBuildFile; fileRef = 185023451F373C9100C3470E /* Assets.xcassets */; };
		185023491F373C9100C3470E /* LaunchScreen.storyboard in Resources */ = {isa = PBXBuildFile; fileRef = 185023471F373C9100C3470E /* LaunchScreen.storyboard */; };
		185023541F373C9100C3470E /* MDMerchantTests.m in Sources */ = {isa = PBXBuildFile; fileRef = 185023531F373C9100C3470E /* MDMerchantTests.m */; };
		1850235F1F373C9100C3470E /* MDMerchantUITests.m in Sources */ = {isa = PBXBuildFile; fileRef = 1850235E1F373C9100C3470E /* MDMerchantUITests.m */; };
		1850237B1F373F8400C3470E /* MDRegisterViewController.m in Sources */ = {isa = PBXBuildFile; fileRef = 185023781F373F8400C3470E /* MDRegisterViewController.m */; };
		185023841F3745DB00C3470E /* MDNetworkTool.m in Sources */ = {isa = PBXBuildFile; fileRef = 185023831F3745DB00C3470E /* MDNetworkTool.m */; };
		185023871F37473100C3470E /* MDRoundCornerTextField.m in Sources */ = {isa = PBXBuildFile; fileRef = 185023861F37473100C3470E /* MDRoundCornerTextField.m */; };
		1850238B1F374C1A00C3470E /* UIView+MDAdd.m in Sources */ = {isa = PBXBuildFile; fileRef = 1850238A1F374C1A00C3470E /* UIView+MDAdd.m */; };
		1850238E1F3754E100C3470E /* NSArray+MDAdd.m in Sources */ = {isa = PBXBuildFile; fileRef = 1850238D1F3754E100C3470E /* NSArray+MDAdd.m */; };
		185023931F37581C00C3470E /* MDTabBarController.m in Sources */ = {isa = PBXBuildFile; fileRef = 185023921F37581C00C3470E /* MDTabBarController.m */; };
		185023961F3758ED00C3470E /* MDNavigationController.m in Sources */ = {isa = PBXBuildFile; fileRef = 185023951F3758ED00C3470E /* MDNavigationController.m */; };
		185023991F3759B900C3470E /* UIImage+MDAdd.m in Sources */ = {isa = PBXBuildFile; fileRef = 185023981F3759B900C3470E /* UIImage+MDAdd.m */; };
		185023A01F38113100C3470E /* MDTabOneContainerViewController.m in Sources */ = {isa = PBXBuildFile; fileRef = 1850239F1F38113100C3470E /* MDTabOneContainerViewController.m */; };
		185023A71F3812B900C3470E /* MDTitleView.m in Sources */ = {isa = PBXBuildFile; fileRef = 185023A61F3812B900C3470E /* MDTitleView.m */; };
		185023AA1F38152600C3470E /* MDNewOrderViewController.m in Sources */ = {isa = PBXBuildFile; fileRef = 185023A91F38152600C3470E /* MDNewOrderViewController.m */; };
		185023AD1F3815C400C3470E /* MDRefundViewController.m in Sources */ = {isa = PBXBuildFile; fileRef = 185023AC1F3815C400C3470E /* MDRefundViewController.m */; };
		185023B01F38160900C3470E /* MDCompensateViewController.m in Sources */ = {isa = PBXBuildFile; fileRef = 185023AF1F38160900C3470E /* MDCompensateViewController.m */; };
		185023B31F3836EF00C3470E /* MDBaseViewController.m in Sources */ = {isa = PBXBuildFile; fileRef = 185023B21F3836EF00C3470E /* MDBaseViewController.m */; };
		185023B61F3838B700C3470E /* UIButton+MDAdd.m in Sources */ = {isa = PBXBuildFile; fileRef = 185023B51F3838B700C3470E /* UIButton+MDAdd.m */; };
		185023B91F3838C700C3470E /* UIBarButtonItem+MDAdd.m in Sources */ = {isa = PBXBuildFile; fileRef = 185023B81F3838C700C3470E /* UIBarButtonItem+MDAdd.m */; };
		185023BC1F38414F00C3470E /* MDScrollPageViewController.m in Sources */ = {isa = PBXBuildFile; fileRef = 185023BB1F38414F00C3470E /* MDScrollPageViewController.m */; };
		185023C31F3845BA00C3470E /* MDTabTwoContainerViewController.m in Sources */ = {isa = PBXBuildFile; fileRef = 185023C21F3845BA00C3470E /* MDTabTwoContainerViewController.m */; };
		18ADA2021F3EE4BF00766DA0 /* MDOrderManageViewController.m in Sources */ = {isa = PBXBuildFile; fileRef = 18ADA2011F3EE4BF00766DA0 /* MDOrderManageViewController.m */; };
		18E9B8641F49934800065EF6 /* MDLoginViewController.m in Sources */ = {isa = PBXBuildFile; fileRef = 18E9B8631F49934800065EF6 /* MDLoginViewController.m */; };
		18E9B8671F49937F00065EF6 /* MDOtherLoginViewController.m in Sources */ = {isa = PBXBuildFile; fileRef = 18E9B8661F49937F00065EF6 /* MDOtherLoginViewController.m */; };
		18E9B86A1F49944400065EF6 /* MDRegisterBaseView.m in Sources */ = {isa = PBXBuildFile; fileRef = 18E9B8691F49944400065EF6 /* MDRegisterBaseView.m */; };
		18E9B86D1F49DA5600065EF6 /* MDLoginView.m in Sources */ = {isa = PBXBuildFile; fileRef = 18E9B86C1F49DA5600065EF6 /* MDLoginView.m */; };
		18E9B8701F49E4C700065EF6 /* MDSelectedListView.m in Sources */ = {isa = PBXBuildFile; fileRef = 18E9B86F1F49E4C700065EF6 /* MDSelectedListView.m */; };
		18E9B8741F49E4FB00065EF6 /* MDSelectedListModel.m in Sources */ = {isa = PBXBuildFile; fileRef = 18E9B8731F49E4FB00065EF6 /* MDSelectedListModel.m */; };
		18E9B8781F4A7A6F00065EF6 /* MDWelcomeViewController.m in Sources */ = {isa = PBXBuildFile; fileRef = 18E9B8761F4A7A6F00065EF6 /* MDWelcomeViewController.m */; };
		18E9B8791F4A7A6F00065EF6 /* MDWelcomeViewController.xib in Resources */ = {isa = PBXBuildFile; fileRef = 18E9B8771F4A7A6F00065EF6 /* MDWelcomeViewController.xib */; };
		18E9B87F1F4BD8C800065EF6 /* MDSystemCallerUtil.m in Sources */ = {isa = PBXBuildFile; fileRef = 18E9B87E1F4BD8C800065EF6 /* MDSystemCallerUtil.m */; };
		18E9B8831F4C0F5100065EF6 /* MDOrderCellLayout.m in Sources */ = {isa = PBXBuildFile; fileRef = 18E9B8821F4C0F5100065EF6 /* MDOrderCellLayout.m */; };
		18F9E74E1F3EEA7200D417AB /* MDOrderManageTableCell.m in Sources */ = {isa = PBXBuildFile; fileRef = 18F9E74D1F3EEA7200D417AB /* MDOrderManageTableCell.m */; };
		18F9E7511F3EEABC00D417AB /* MDOrder.m in Sources */ = {isa = PBXBuildFile; fileRef = 18F9E7501F3EEABC00D417AB /* MDOrder.m */; };
		18F9E7541F3EF12100D417AB /* MDGoods.m in Sources */ = {isa = PBXBuildFile; fileRef = 18F9E7531F3EF12100D417AB /* MDGoods.m */; };
		18F9E75D1F3EF73800D417AB /* MDSearchBar.m in Sources */ = {isa = PBXBuildFile; fileRef = 18F9E75C1F3EF73800D417AB /* MDSearchBar.m */; };
		49BDCB64B1FFA09627ACC90E /* libPods-MDMerchant.a in Frameworks */ = {isa = PBXBuildFile; fileRef = 2D57217F6DE03B4C012F8A48 /* libPods-MDMerchant.a */; };
/* End PBXBuildFile section */

/* Begin PBXContainerItemProxy section */
		185023501F373C9100C3470E /* PBXContainerItemProxy */ = {
			isa = PBXContainerItemProxy;
			containerPortal = 1850232E1F373C9100C3470E /* Project object */;
			proxyType = 1;
			remoteGlobalIDString = 185023351F373C9100C3470E;
			remoteInfo = MDMerchant;
		};
		1850235B1F373C9100C3470E /* PBXContainerItemProxy */ = {
			isa = PBXContainerItemProxy;
			containerPortal = 1850232E1F373C9100C3470E /* Project object */;
			proxyType = 1;
			remoteGlobalIDString = 185023351F373C9100C3470E;
			remoteInfo = MDMerchant;
		};
/* End PBXContainerItemProxy section */

/* Begin PBXFileReference section */
		185023361F373C9100C3470E /* MDMerchant.app */ = {isa = PBXFileReference; explicitFileType = wrapper.application; includeInIndex = 0; path = MDMerchant.app; sourceTree = BUILT_PRODUCTS_DIR; };
		1850233A1F373C9100C3470E /* main.m */ = {isa = PBXFileReference; lastKnownFileType = sourcecode.c.objc; path = main.m; sourceTree = "<group>"; };
		1850233C1F373C9100C3470E /* AppDelegate.h */ = {isa = PBXFileReference; lastKnownFileType = sourcecode.c.h; path = AppDelegate.h; sourceTree = "<group>"; };
		1850233D1F373C9100C3470E /* AppDelegate.m */ = {isa = PBXFileReference; lastKnownFileType = sourcecode.c.objc; path = AppDelegate.m; sourceTree = "<group>"; };
		185023451F373C9100C3470E /* Assets.xcassets */ = {isa = PBXFileReference; lastKnownFileType = folder.assetcatalog; path = Assets.xcassets; sourceTree = "<group>"; };
		185023481F373C9100C3470E /* Base */ = {isa = PBXFileReference; lastKnownFileType = file.storyboard; name = Base; path = Base.lproj/LaunchScreen.storyboard; sourceTree = "<group>"; };
		1850234A1F373C9100C3470E /* Info.plist */ = {isa = PBXFileReference; lastKnownFileType = text.plist.xml; path = Info.plist; sourceTree = "<group>"; };
		1850234F1F373C9100C3470E /* MDMerchantTests.xctest */ = {isa = PBXFileReference; explicitFileType = wrapper.cfbundle; includeInIndex = 0; path = MDMerchantTests.xctest; sourceTree = BUILT_PRODUCTS_DIR; };
		185023531F373C9100C3470E /* MDMerchantTests.m */ = {isa = PBXFileReference; lastKnownFileType = sourcecode.c.objc; path = MDMerchantTests.m; sourceTree = "<group>"; };
		185023551F373C9100C3470E /* Info.plist */ = {isa = PBXFileReference; lastKnownFileType = text.plist.xml; path = Info.plist; sourceTree = "<group>"; };
		1850235A1F373C9100C3470E /* MDMerchantUITests.xctest */ = {isa = PBXFileReference; explicitFileType = wrapper.cfbundle; includeInIndex = 0; path = MDMerchantUITests.xctest; sourceTree = BUILT_PRODUCTS_DIR; };
		1850235E1F373C9100C3470E /* MDMerchantUITests.m */ = {isa = PBXFileReference; lastKnownFileType = sourcecode.c.objc; path = MDMerchantUITests.m; sourceTree = "<group>"; };
		185023601F373C9100C3470E /* Info.plist */ = {isa = PBXFileReference; lastKnownFileType = text.plist.xml; path = Info.plist; sourceTree = "<group>"; };
		185023771F373F8400C3470E /* MDRegisterViewController.h */ = {isa = PBXFileReference; fileEncoding = 4; lastKnownFileType = sourcecode.c.h; path = MDRegisterViewController.h; sourceTree = "<group>"; };
		185023781F373F8400C3470E /* MDRegisterViewController.m */ = {isa = PBXFileReference; fileEncoding = 4; lastKnownFileType = sourcecode.c.objc; path = MDRegisterViewController.m; sourceTree = "<group>"; };
		185023801F3743C700C3470E /* MDPrefixHeader.pch */ = {isa = PBXFileReference; lastKnownFileType = sourcecode.c.h; path = MDPrefixHeader.pch; sourceTree = "<group>"; };
		185023821F3745DB00C3470E /* MDNetworkTool.h */ = {isa = PBXFileReference; fileEncoding = 4; lastKnownFileType = sourcecode.c.h; path = MDNetworkTool.h; sourceTree = "<group>"; };
		185023831F3745DB00C3470E /* MDNetworkTool.m */ = {isa = PBXFileReference; fileEncoding = 4; lastKnownFileType = sourcecode.c.objc; path = MDNetworkTool.m; sourceTree = "<group>"; };
		185023851F37473100C3470E /* MDRoundCornerTextField.h */ = {isa = PBXFileReference; fileEncoding = 4; lastKnownFileType = sourcecode.c.h; path = MDRoundCornerTextField.h; sourceTree = "<group>"; };
		185023861F37473100C3470E /* MDRoundCornerTextField.m */ = {isa = PBXFileReference; fileEncoding = 4; lastKnownFileType = sourcecode.c.objc; path = MDRoundCornerTextField.m; sourceTree = "<group>"; };
		185023891F374C1A00C3470E /* UIView+MDAdd.h */ = {isa = PBXFileReference; fileEncoding = 4; lastKnownFileType = sourcecode.c.h; path = "UIView+MDAdd.h"; sourceTree = "<group>"; };
		1850238A1F374C1A00C3470E /* UIView+MDAdd.m */ = {isa = PBXFileReference; fileEncoding = 4; lastKnownFileType = sourcecode.c.objc; path = "UIView+MDAdd.m"; sourceTree = "<group>"; };
		1850238C1F3754E100C3470E /* NSArray+MDAdd.h */ = {isa = PBXFileReference; fileEncoding = 4; lastKnownFileType = sourcecode.c.h; path = "NSArray+MDAdd.h"; sourceTree = "<group>"; };
		1850238D1F3754E100C3470E /* NSArray+MDAdd.m */ = {isa = PBXFileReference; fileEncoding = 4; lastKnownFileType = sourcecode.c.objc; path = "NSArray+MDAdd.m"; sourceTree = "<group>"; };
		185023911F37581C00C3470E /* MDTabBarController.h */ = {isa = PBXFileReference; fileEncoding = 4; lastKnownFileType = sourcecode.c.h; path = MDTabBarController.h; sourceTree = "<group>"; };
		185023921F37581C00C3470E /* MDTabBarController.m */ = {isa = PBXFileReference; fileEncoding = 4; lastKnownFileType = sourcecode.c.objc; path = MDTabBarController.m; sourceTree = "<group>"; };
		185023941F3758ED00C3470E /* MDNavigationController.h */ = {isa = PBXFileReference; fileEncoding = 4; lastKnownFileType = sourcecode.c.h; path = MDNavigationController.h; sourceTree = "<group>"; };
		185023951F3758ED00C3470E /* MDNavigationController.m */ = {isa = PBXFileReference; fileEncoding = 4; lastKnownFileType = sourcecode.c.objc; path = MDNavigationController.m; sourceTree = "<group>"; };
		185023971F3759B900C3470E /* UIImage+MDAdd.h */ = {isa = PBXFileReference; fileEncoding = 4; lastKnownFileType = sourcecode.c.h; path = "UIImage+MDAdd.h"; sourceTree = "<group>"; };
		185023981F3759B900C3470E /* UIImage+MDAdd.m */ = {isa = PBXFileReference; fileEncoding = 4; lastKnownFileType = sourcecode.c.objc; path = "UIImage+MDAdd.m"; sourceTree = "<group>"; };
		1850239E1F38113100C3470E /* MDTabOneContainerViewController.h */ = {isa = PBXFileReference; fileEncoding = 4; lastKnownFileType = sourcecode.c.h; path = MDTabOneContainerViewController.h; sourceTree = "<group>"; };
		1850239F1F38113100C3470E /* MDTabOneContainerViewController.m */ = {isa = PBXFileReference; fileEncoding = 4; lastKnownFileType = sourcecode.c.objc; path = MDTabOneContainerViewController.m; sourceTree = "<group>"; };
		185023A51F3812B900C3470E /* MDTitleView.h */ = {isa = PBXFileReference; fileEncoding = 4; lastKnownFileType = sourcecode.c.h; path = MDTitleView.h; sourceTree = "<group>"; };
		185023A61F3812B900C3470E /* MDTitleView.m */ = {isa = PBXFileReference; fileEncoding = 4; lastKnownFileType = sourcecode.c.objc; path = MDTitleView.m; sourceTree = "<group>"; };
		185023A81F38152600C3470E /* MDNewOrderViewController.h */ = {isa = PBXFileReference; fileEncoding = 4; lastKnownFileType = sourcecode.c.h; path = MDNewOrderViewController.h; sourceTree = "<group>"; };
		185023A91F38152600C3470E /* MDNewOrderViewController.m */ = {isa = PBXFileReference; fileEncoding = 4; lastKnownFileType = sourcecode.c.objc; path = MDNewOrderViewController.m; sourceTree = "<group>"; };
		185023AB1F3815C400C3470E /* MDRefundViewController.h */ = {isa = PBXFileReference; fileEncoding = 4; lastKnownFileType = sourcecode.c.h; path = MDRefundViewController.h; sourceTree = "<group>"; };
		185023AC1F3815C400C3470E /* MDRefundViewController.m */ = {isa = PBXFileReference; fileEncoding = 4; lastKnownFileType = sourcecode.c.objc; path = MDRefundViewController.m; sourceTree = "<group>"; };
		185023AE1F38160900C3470E /* MDCompensateViewController.h */ = {isa = PBXFileReference; fileEncoding = 4; lastKnownFileType = sourcecode.c.h; path = MDCompensateViewController.h; sourceTree = "<group>"; };
		185023AF1F38160900C3470E /* MDCompensateViewController.m */ = {isa = PBXFileReference; fileEncoding = 4; lastKnownFileType = sourcecode.c.objc; path = MDCompensateViewController.m; sourceTree = "<group>"; };
		185023B11F3836EF00C3470E /* MDBaseViewController.h */ = {isa = PBXFileReference; fileEncoding = 4; lastKnownFileType = sourcecode.c.h; path = MDBaseViewController.h; sourceTree = "<group>"; };
		185023B21F3836EF00C3470E /* MDBaseViewController.m */ = {isa = PBXFileReference; fileEncoding = 4; lastKnownFileType = sourcecode.c.objc; path = MDBaseViewController.m; sourceTree = "<group>"; };
		185023B41F3838B700C3470E /* UIButton+MDAdd.h */ = {isa = PBXFileReference; fileEncoding = 4; lastKnownFileType = sourcecode.c.h; path = "UIButton+MDAdd.h"; sourceTree = "<group>"; };
		185023B51F3838B700C3470E /* UIButton+MDAdd.m */ = {isa = PBXFileReference; fileEncoding = 4; lastKnownFileType = sourcecode.c.objc; path = "UIButton+MDAdd.m"; sourceTree = "<group>"; };
		185023B71F3838C700C3470E /* UIBarButtonItem+MDAdd.h */ = {isa = PBXFileReference; fileEncoding = 4; lastKnownFileType = sourcecode.c.h; path = "UIBarButtonItem+MDAdd.h"; sourceTree = "<group>"; };
		185023B81F3838C700C3470E /* UIBarButtonItem+MDAdd.m */ = {isa = PBXFileReference; fileEncoding = 4; lastKnownFileType = sourcecode.c.objc; path = "UIBarButtonItem+MDAdd.m"; sourceTree = "<group>"; };
		185023BA1F38414F00C3470E /* MDScrollPageViewController.h */ = {isa = PBXFileReference; fileEncoding = 4; lastKnownFileType = sourcecode.c.h; path = MDScrollPageViewController.h; sourceTree = "<group>"; };
		185023BB1F38414F00C3470E /* MDScrollPageViewController.m */ = {isa = PBXFileReference; fileEncoding = 4; lastKnownFileType = sourcecode.c.objc; path = MDScrollPageViewController.m; sourceTree = "<group>"; };
		185023C11F3845BA00C3470E /* MDTabTwoContainerViewController.h */ = {isa = PBXFileReference; fileEncoding = 4; lastKnownFileType = sourcecode.c.h; path = MDTabTwoContainerViewController.h; sourceTree = "<group>"; };
		185023C21F3845BA00C3470E /* MDTabTwoContainerViewController.m */ = {isa = PBXFileReference; fileEncoding = 4; lastKnownFileType = sourcecode.c.objc; path = MDTabTwoContainerViewController.m; sourceTree = "<group>"; };
		18ADA2001F3EE4BF00766DA0 /* MDOrderManageViewController.h */ = {isa = PBXFileReference; fileEncoding = 4; lastKnownFileType = sourcecode.c.h; path = MDOrderManageViewController.h; sourceTree = "<group>"; };
		18ADA2011F3EE4BF00766DA0 /* MDOrderManageViewController.m */ = {isa = PBXFileReference; fileEncoding = 4; lastKnownFileType = sourcecode.c.objc; path = MDOrderManageViewController.m; sourceTree = "<group>"; };
		18E9B8621F49934800065EF6 /* MDLoginViewController.h */ = {isa = PBXFileReference; fileEncoding = 4; lastKnownFileType = sourcecode.c.h; path = MDLoginViewController.h; sourceTree = "<group>"; };
		18E9B8631F49934800065EF6 /* MDLoginViewController.m */ = {isa = PBXFileReference; fileEncoding = 4; lastKnownFileType = sourcecode.c.objc; path = MDLoginViewController.m; sourceTree = "<group>"; };
		18E9B8651F49937F00065EF6 /* MDOtherLoginViewController.h */ = {isa = PBXFileReference; fileEncoding = 4; lastKnownFileType = sourcecode.c.h; path = MDOtherLoginViewController.h; sourceTree = "<group>"; };
		18E9B8661F49937F00065EF6 /* MDOtherLoginViewController.m */ = {isa = PBXFileReference; fileEncoding = 4; lastKnownFileType = sourcecode.c.objc; path = MDOtherLoginViewController.m; sourceTree = "<group>"; };
		18E9B8681F49944400065EF6 /* MDRegisterBaseView.h */ = {isa = PBXFileReference; fileEncoding = 4; lastKnownFileType = sourcecode.c.h; path = MDRegisterBaseView.h; sourceTree = "<group>"; };
		18E9B8691F49944400065EF6 /* MDRegisterBaseView.m */ = {isa = PBXFileReference; fileEncoding = 4; lastKnownFileType = sourcecode.c.objc; path = MDRegisterBaseView.m; sourceTree = "<group>"; };
		18E9B86B1F49DA5600065EF6 /* MDLoginView.h */ = {isa = PBXFileReference; fileEncoding = 4; lastKnownFileType = sourcecode.c.h; path = MDLoginView.h; sourceTree = "<group>"; };
		18E9B86C1F49DA5600065EF6 /* MDLoginView.m */ = {isa = PBXFileReference; fileEncoding = 4; lastKnownFileType = sourcecode.c.objc; path = MDLoginView.m; sourceTree = "<group>"; };
		18E9B86E1F49E4C700065EF6 /* MDSelectedListView.h */ = {isa = PBXFileReference; fileEncoding = 4; lastKnownFileType = sourcecode.c.h; path = MDSelectedListView.h; sourceTree = "<group>"; };
		18E9B86F1F49E4C700065EF6 /* MDSelectedListView.m */ = {isa = PBXFileReference; fileEncoding = 4; lastKnownFileType = sourcecode.c.objc; path = MDSelectedListView.m; sourceTree = "<group>"; };
		18E9B8721F49E4FB00065EF6 /* MDSelectedListModel.h */ = {isa = PBXFileReference; fileEncoding = 4; lastKnownFileType = sourcecode.c.h; path = MDSelectedListModel.h; sourceTree = "<group>"; };
		18E9B8731F49E4FB00065EF6 /* MDSelectedListModel.m */ = {isa = PBXFileReference; fileEncoding = 4; lastKnownFileType = sourcecode.c.objc; path = MDSelectedListModel.m; sourceTree = "<group>"; };
		18E9B8751F4A7A6F00065EF6 /* MDWelcomeViewController.h */ = {isa = PBXFileReference; fileEncoding = 4; lastKnownFileType = sourcecode.c.h; path = MDWelcomeViewController.h; sourceTree = "<group>"; };
		18E9B8761F4A7A6F00065EF6 /* MDWelcomeViewController.m */ = {isa = PBXFileReference; fileEncoding = 4; lastKnownFileType = sourcecode.c.objc; path = MDWelcomeViewController.m; sourceTree = "<group>"; };
		18E9B8771F4A7A6F00065EF6 /* MDWelcomeViewController.xib */ = {isa = PBXFileReference; fileEncoding = 4; lastKnownFileType = file.xib; path = MDWelcomeViewController.xib; sourceTree = "<group>"; };
		18E9B87D1F4BD8C800065EF6 /* MDSystemCallerUtil.h */ = {isa = PBXFileReference; fileEncoding = 4; lastKnownFileType = sourcecode.c.h; path = MDSystemCallerUtil.h; sourceTree = "<group>"; };
		18E9B87E1F4BD8C800065EF6 /* MDSystemCallerUtil.m */ = {isa = PBXFileReference; fileEncoding = 4; lastKnownFileType = sourcecode.c.objc; path = MDSystemCallerUtil.m; sourceTree = "<group>"; };
		18E9B8811F4C0F5100065EF6 /* MDOrderCellLayout.h */ = {isa = PBXFileReference; fileEncoding = 4; lastKnownFileType = sourcecode.c.h; path = MDOrderCellLayout.h; sourceTree = "<group>"; };
		18E9B8821F4C0F5100065EF6 /* MDOrderCellLayout.m */ = {isa = PBXFileReference; fileEncoding = 4; lastKnownFileType = sourcecode.c.objc; path = MDOrderCellLayout.m; sourceTree = "<group>"; };
		18F9E74C1F3EEA7200D417AB /* MDOrderManageTableCell.h */ = {isa = PBXFileReference; fileEncoding = 4; lastKnownFileType = sourcecode.c.h; path = MDOrderManageTableCell.h; sourceTree = "<group>"; };
		18F9E74D1F3EEA7200D417AB /* MDOrderManageTableCell.m */ = {isa = PBXFileReference; fileEncoding = 4; lastKnownFileType = sourcecode.c.objc; path = MDOrderManageTableCell.m; sourceTree = "<group>"; };
		18F9E74F1F3EEABC00D417AB /* MDOrder.h */ = {isa = PBXFileReference; fileEncoding = 4; lastKnownFileType = sourcecode.c.h; path = MDOrder.h; sourceTree = "<group>"; };
		18F9E7501F3EEABC00D417AB /* MDOrder.m */ = {isa = PBXFileReference; fileEncoding = 4; lastKnownFileType = sourcecode.c.objc; path = MDOrder.m; sourceTree = "<group>"; };
		18F9E7521F3EF12100D417AB /* MDGoods.h */ = {isa = PBXFileReference; fileEncoding = 4; lastKnownFileType = sourcecode.c.h; path = MDGoods.h; sourceTree = "<group>"; };
		18F9E7531F3EF12100D417AB /* MDGoods.m */ = {isa = PBXFileReference; fileEncoding = 4; lastKnownFileType = sourcecode.c.objc; path = MDGoods.m; sourceTree = "<group>"; };
		18F9E75B1F3EF73800D417AB /* MDSearchBar.h */ = {isa = PBXFileReference; fileEncoding = 4; lastKnownFileType = sourcecode.c.h; path = MDSearchBar.h; sourceTree = "<group>"; };
		18F9E75C1F3EF73800D417AB /* MDSearchBar.m */ = {isa = PBXFileReference; fileEncoding = 4; lastKnownFileType = sourcecode.c.objc; path = MDSearchBar.m; sourceTree = "<group>"; };
		2D57217F6DE03B4C012F8A48 /* libPods-MDMerchant.a */ = {isa = PBXFileReference; explicitFileType = archive.ar; includeInIndex = 0; path = "libPods-MDMerchant.a"; sourceTree = BUILT_PRODUCTS_DIR; };
		5C11AC5431A115429D87A7D9 /* Pods-MDMerchant.release.xcconfig */ = {isa = PBXFileReference; includeInIndex = 1; lastKnownFileType = text.xcconfig; name = "Pods-MDMerchant.release.xcconfig"; path = "Pods/Target Support Files/Pods-MDMerchant/Pods-MDMerchant.release.xcconfig"; sourceTree = "<group>"; };
		DA8CECD849F616CF33DCC9B7 /* Pods-MDMerchant.debug.xcconfig */ = {isa = PBXFileReference; includeInIndex = 1; lastKnownFileType = text.xcconfig; name = "Pods-MDMerchant.debug.xcconfig"; path = "Pods/Target Support Files/Pods-MDMerchant/Pods-MDMerchant.debug.xcconfig"; sourceTree = "<group>"; };
/* End PBXFileReference section */

/* Begin PBXFrameworksBuildPhase section */
		185023331F373C9100C3470E /* Frameworks */ = {
			isa = PBXFrameworksBuildPhase;
			buildActionMask = 2147483647;
			files = (
				49BDCB64B1FFA09627ACC90E /* libPods-MDMerchant.a in Frameworks */,
			);
			runOnlyForDeploymentPostprocessing = 0;
		};
		1850234C1F373C9100C3470E /* Frameworks */ = {
			isa = PBXFrameworksBuildPhase;
			buildActionMask = 2147483647;
			files = (
			);
			runOnlyForDeploymentPostprocessing = 0;
		};
		185023571F373C9100C3470E /* Frameworks */ = {
			isa = PBXFrameworksBuildPhase;
			buildActionMask = 2147483647;
			files = (
			);
			runOnlyForDeploymentPostprocessing = 0;
		};
/* End PBXFrameworksBuildPhase section */

/* Begin PBXGroup section */
		01A830C098E4923485421763 /* Frameworks */ = {
			isa = PBXGroup;
			children = (
				2D57217F6DE03B4C012F8A48 /* libPods-MDMerchant.a */,
			);
			name = Frameworks;
			sourceTree = "<group>";
		};
		1850232D1F373C9100C3470E = {
			isa = PBXGroup;
			children = (
				185023381F373C9100C3470E /* MDMerchant */,
				185023521F373C9100C3470E /* MDMerchantTests */,
				1850235D1F373C9100C3470E /* MDMerchantUITests */,
				185023371F373C9100C3470E /* Products */,
				A9B11F35281FB6396964D4A6 /* Pods */,
				01A830C098E4923485421763 /* Frameworks */,
			);
			sourceTree = "<group>";
		};
		185023371F373C9100C3470E /* Products */ = {
			isa = PBXGroup;
			children = (
				185023361F373C9100C3470E /* MDMerchant.app */,
				1850234F1F373C9100C3470E /* MDMerchantTests.xctest */,
				1850235A1F373C9100C3470E /* MDMerchantUITests.xctest */,
			);
			name = Products;
			sourceTree = "<group>";
		};
		185023381F373C9100C3470E /* MDMerchant */ = {
			isa = PBXGroup;
			children = (
				185023741F373F8400C3470E /* Sections */,
				1850233C1F373C9100C3470E /* AppDelegate.h */,
				1850233D1F373C9100C3470E /* AppDelegate.m */,
				185023451F373C9100C3470E /* Assets.xcassets */,
				185023471F373C9100C3470E /* LaunchScreen.storyboard */,
				1850234A1F373C9100C3470E /* Info.plist */,
				185023391F373C9100C3470E /* Supporting Files */,
			);
			path = MDMerchant;
			sourceTree = "<group>";
		};
		185023391F373C9100C3470E /* Supporting Files */ = {
			isa = PBXGroup;
			children = (
				1850233A1F373C9100C3470E /* main.m */,
			);
			name = "Supporting Files";
			sourceTree = "<group>";
		};
		185023521F373C9100C3470E /* MDMerchantTests */ = {
			isa = PBXGroup;
			children = (
				185023531F373C9100C3470E /* MDMerchantTests.m */,
				185023551F373C9100C3470E /* Info.plist */,
			);
			path = MDMerchantTests;
			sourceTree = "<group>";
		};
		1850235D1F373C9100C3470E /* MDMerchantUITests */ = {
			isa = PBXGroup;
			children = (
				1850235E1F373C9100C3470E /* MDMerchantUITests.m */,
				185023601F373C9100C3470E /* Info.plist */,
			);
			path = MDMerchantUITests;
			sourceTree = "<group>";
		};
		185023741F373F8400C3470E /* Sections */ = {
			isa = PBXGroup;
			children = (
				1850238F1F37580100C3470E /* MainComponent */,
				185023881F374BC000C3470E /* Categories */,
				185023811F37458600C3470E /* Utils */,
				1850237F1F3743A900C3470E /* GlobalDefines */,
				1850239A1F3810E700C3470E /* OrderWait(待处理) */,
				185023BD1F38458200C3470E /* OrderManage(订单管理) */,
				185023751F373F8400C3470E /* Register */,
			);
			path = Sections;
			sourceTree = "<group>";
		};
		185023751F373F8400C3470E /* Register */ = {
			isa = PBXGroup;
			children = (
				185023761F373F8400C3470E /* Controller */,
				185023791F373F8400C3470E /* Model */,
				1850237A1F373F8400C3470E /* View */,
			);
			path = Register;
			sourceTree = "<group>";
		};
		185023761F373F8400C3470E /* Controller */ = {
			isa = PBXGroup;
			children = (
				185023771F373F8400C3470E /* MDRegisterViewController.h */,
				185023781F373F8400C3470E /* MDRegisterViewController.m */,
				18E9B8621F49934800065EF6 /* MDLoginViewController.h */,
				18E9B8631F49934800065EF6 /* MDLoginViewController.m */,
				18E9B8651F49937F00065EF6 /* MDOtherLoginViewController.h */,
				18E9B8661F49937F00065EF6 /* MDOtherLoginViewController.m */,
				18E9B8751F4A7A6F00065EF6 /* MDWelcomeViewController.h */,
				18E9B8761F4A7A6F00065EF6 /* MDWelcomeViewController.m */,
				18E9B8771F4A7A6F00065EF6 /* MDWelcomeViewController.xib */,
			);
			path = Controller;
			sourceTree = "<group>";
		};
		185023791F373F8400C3470E /* Model */ = {
			isa = PBXGroup;
			children = (
			);
			path = Model;
			sourceTree = "<group>";
		};
		1850237A1F373F8400C3470E /* View */ = {
			isa = PBXGroup;
			children = (
				185023851F37473100C3470E /* MDRoundCornerTextField.h */,
				185023861F37473100C3470E /* MDRoundCornerTextField.m */,
				18E9B8681F49944400065EF6 /* MDRegisterBaseView.h */,
				18E9B8691F49944400065EF6 /* MDRegisterBaseView.m */,
				18E9B86B1F49DA5600065EF6 /* MDLoginView.h */,
				18E9B86C1F49DA5600065EF6 /* MDLoginView.m */,
			);
			path = View;
			sourceTree = "<group>";
		};
		1850237F1F3743A900C3470E /* GlobalDefines */ = {
			isa = PBXGroup;
			children = (
				185023801F3743C700C3470E /* MDPrefixHeader.pch */,
			);
			path = GlobalDefines;
			sourceTree = "<group>";
		};
		185023811F37458600C3470E /* Utils */ = {
			isa = PBXGroup;
			children = (
				185023821F3745DB00C3470E /* MDNetworkTool.h */,
				185023831F3745DB00C3470E /* MDNetworkTool.m */,
				18E9B87D1F4BD8C800065EF6 /* MDSystemCallerUtil.h */,
				18E9B87E1F4BD8C800065EF6 /* MDSystemCallerUtil.m */,
			);
			path = Utils;
			sourceTree = "<group>";
		};
		185023881F374BC000C3470E /* Categories */ = {
			isa = PBXGroup;
			children = (
				185023891F374C1A00C3470E /* UIView+MDAdd.h */,
				1850238A1F374C1A00C3470E /* UIView+MDAdd.m */,
				1850238C1F3754E100C3470E /* NSArray+MDAdd.h */,
				1850238D1F3754E100C3470E /* NSArray+MDAdd.m */,
				185023971F3759B900C3470E /* UIImage+MDAdd.h */,
				185023981F3759B900C3470E /* UIImage+MDAdd.m */,
				185023B41F3838B700C3470E /* UIButton+MDAdd.h */,
				185023B51F3838B700C3470E /* UIButton+MDAdd.m */,
				185023B71F3838C700C3470E /* UIBarButtonItem+MDAdd.h */,
				185023B81F3838C700C3470E /* UIBarButtonItem+MDAdd.m */,
			);
			path = Categories;
			sourceTree = "<group>";
		};
		1850238F1F37580100C3470E /* MainComponent */ = {
			isa = PBXGroup;
			children = (
				18E9B8711F49E4E900065EF6 /* Model */,
				185023A11F38119600C3470E /* View */,
				185023901F37580100C3470E /* Controller */,
			);
			path = MainComponent;
			sourceTree = "<group>";
		};
		185023901F37580100C3470E /* Controller */ = {
			isa = PBXGroup;
			children = (
				185023911F37581C00C3470E /* MDTabBarController.h */,
				185023921F37581C00C3470E /* MDTabBarController.m */,
				185023941F3758ED00C3470E /* MDNavigationController.h */,
				185023951F3758ED00C3470E /* MDNavigationController.m */,
				185023B11F3836EF00C3470E /* MDBaseViewController.h */,
				185023B21F3836EF00C3470E /* MDBaseViewController.m */,
				185023BA1F38414F00C3470E /* MDScrollPageViewController.h */,
				185023BB1F38414F00C3470E /* MDScrollPageViewController.m */,
			);
			path = Controller;
			sourceTree = "<group>";
		};
		1850239A1F3810E700C3470E /* OrderWait(待处理) */ = {
			isa = PBXGroup;
			children = (
				1850239B1F3810E700C3470E /* Controller */,
				1850239C1F3810E700C3470E /* Model */,
				1850239D1F3810E700C3470E /* View */,
			);
			path = "OrderWait(待处理)";
			sourceTree = "<group>";
		};
		1850239B1F3810E700C3470E /* Controller */ = {
			isa = PBXGroup;
			children = (
				1850239E1F38113100C3470E /* MDTabOneContainerViewController.h */,
				1850239F1F38113100C3470E /* MDTabOneContainerViewController.m */,
				185023A81F38152600C3470E /* MDNewOrderViewController.h */,
				185023A91F38152600C3470E /* MDNewOrderViewController.m */,
				185023AB1F3815C400C3470E /* MDRefundViewController.h */,
				185023AC1F3815C400C3470E /* MDRefundViewController.m */,
				185023AE1F38160900C3470E /* MDCompensateViewController.h */,
				185023AF1F38160900C3470E /* MDCompensateViewController.m */,
			);
			path = Controller;
			sourceTree = "<group>";
		};
		1850239C1F3810E700C3470E /* Model */ = {
			isa = PBXGroup;
			children = (
			);
			path = Model;
			sourceTree = "<group>";
		};
		1850239D1F3810E700C3470E /* View */ = {
			isa = PBXGroup;
			children = (
			);
			path = View;
			sourceTree = "<group>";
		};
		185023A11F38119600C3470E /* View */ = {
			isa = PBXGroup;
			children = (
				185023A51F3812B900C3470E /* MDTitleView.h */,
				185023A61F3812B900C3470E /* MDTitleView.m */,
				18F9E75B1F3EF73800D417AB /* MDSearchBar.h */,
				18F9E75C1F3EF73800D417AB /* MDSearchBar.m */,
				18E9B86E1F49E4C700065EF6 /* MDSelectedListView.h */,
				18E9B86F1F49E4C700065EF6 /* MDSelectedListView.m */,
			);
			path = View;
			sourceTree = "<group>";
		};
		185023BD1F38458200C3470E /* OrderManage(订单管理) */ = {
			isa = PBXGroup;
			children = (
				18E9B8801F4C0F3900065EF6 /* Object */,
				185023BE1F38458200C3470E /* Controller */,
				185023BF1F38458200C3470E /* Model */,
				185023C01F38458200C3470E /* View */,
			);
			path = "OrderManage(订单管理)";
			sourceTree = "<group>";
		};
		185023BE1F38458200C3470E /* Controller */ = {
			isa = PBXGroup;
			children = (
				185023C11F3845BA00C3470E /* MDTabTwoContainerViewController.h */,
				185023C21F3845BA00C3470E /* MDTabTwoContainerViewController.m */,
				18ADA2001F3EE4BF00766DA0 /* MDOrderManageViewController.h */,
				18ADA2011F3EE4BF00766DA0 /* MDOrderManageViewController.m */,
			);
			path = Controller;
			sourceTree = "<group>";
		};
		185023BF1F38458200C3470E /* Model */ = {
			isa = PBXGroup;
			children = (
				18F9E74F1F3EEABC00D417AB /* MDOrder.h */,
				18F9E7501F3EEABC00D417AB /* MDOrder.m */,
				18F9E7521F3EF12100D417AB /* MDGoods.h */,
				18F9E7531F3EF12100D417AB /* MDGoods.m */,
			);
			path = Model;
			sourceTree = "<group>";
		};
		185023C01F38458200C3470E /* View */ = {
			isa = PBXGroup;
			children = (
				18F9E74C1F3EEA7200D417AB /* MDOrderManageTableCell.h */,
				18F9E74D1F3EEA7200D417AB /* MDOrderManageTableCell.m */,
			);
			path = View;
			sourceTree = "<group>";
		};
		18E9B8711F49E4E900065EF6 /* Model */ = {
			isa = PBXGroup;
			children = (
				18E9B8721F49E4FB00065EF6 /* MDSelectedListModel.h */,
				18E9B8731F49E4FB00065EF6 /* MDSelectedListModel.m */,
			);
			path = Model;
			sourceTree = "<group>";
		};
		18E9B8801F4C0F3900065EF6 /* Object */ = {
			isa = PBXGroup;
			children = (
				18E9B8811F4C0F5100065EF6 /* MDOrderCellLayout.h */,
				18E9B8821F4C0F5100065EF6 /* MDOrderCellLayout.m */,
			);
			path = Object;
			sourceTree = "<group>";
		};
		A9B11F35281FB6396964D4A6 /* Pods */ = {
			isa = PBXGroup;
			children = (
				DA8CECD849F616CF33DCC9B7 /* Pods-MDMerchant.debug.xcconfig */,
				5C11AC5431A115429D87A7D9 /* Pods-MDMerchant.release.xcconfig */,
			);
			name = Pods;
			sourceTree = "<group>";
		};
/* End PBXGroup section */

/* Begin PBXNativeTarget section */
		185023351F373C9100C3470E /* MDMerchant */ = {
			isa = PBXNativeTarget;
			buildConfigurationList = 185023631F373C9100C3470E /* Build configuration list for PBXNativeTarget "MDMerchant" */;
			buildPhases = (
				3B8E490D4BF889B787712E99 /* [CP] Check Pods Manifest.lock */,
				185023321F373C9100C3470E /* Sources */,
				185023331F373C9100C3470E /* Frameworks */,
				185023341F373C9100C3470E /* Resources */,
				C95C1D99AE29AA0D828847B5 /* [CP] Embed Pods Frameworks */,
				A704A9C30B4CAC1F28CB2610 /* [CP] Copy Pods Resources */,
			);
			buildRules = (
			);
			dependencies = (
			);
			name = MDMerchant;
			productName = MDMerchant;
			productReference = 185023361F373C9100C3470E /* MDMerchant.app */;
			productType = "com.apple.product-type.application";
		};
		1850234E1F373C9100C3470E /* MDMerchantTests */ = {
			isa = PBXNativeTarget;
			buildConfigurationList = 185023661F373C9100C3470E /* Build configuration list for PBXNativeTarget "MDMerchantTests" */;
			buildPhases = (
				1850234B1F373C9100C3470E /* Sources */,
				1850234C1F373C9100C3470E /* Frameworks */,
				1850234D1F373C9100C3470E /* Resources */,
			);
			buildRules = (
			);
			dependencies = (
				185023511F373C9100C3470E /* PBXTargetDependency */,
			);
			name = MDMerchantTests;
			productName = MDMerchantTests;
			productReference = 1850234F1F373C9100C3470E /* MDMerchantTests.xctest */;
			productType = "com.apple.product-type.bundle.unit-test";
		};
		185023591F373C9100C3470E /* MDMerchantUITests */ = {
			isa = PBXNativeTarget;
			buildConfigurationList = 185023691F373C9100C3470E /* Build configuration list for PBXNativeTarget "MDMerchantUITests" */;
			buildPhases = (
				185023561F373C9100C3470E /* Sources */,
				185023571F373C9100C3470E /* Frameworks */,
				185023581F373C9100C3470E /* Resources */,
			);
			buildRules = (
			);
			dependencies = (
				1850235C1F373C9100C3470E /* PBXTargetDependency */,
			);
			name = MDMerchantUITests;
			productName = MDMerchantUITests;
			productReference = 1850235A1F373C9100C3470E /* MDMerchantUITests.xctest */;
			productType = "com.apple.product-type.bundle.ui-testing";
		};
/* End PBXNativeTarget section */

/* Begin PBXProject section */
		1850232E1F373C9100C3470E /* Project object */ = {
			isa = PBXProject;
			attributes = {
				CLASSPREFIX = MD;
				LastUpgradeCheck = 0830;
				ORGANIZATIONNAME = "Wuxi Kaishang Internet";
				TargetAttributes = {
					185023351F373C9100C3470E = {
						CreatedOnToolsVersion = 8.3.3;
						DevelopmentTeam = WZM92B4X3U;
						ProvisioningStyle = Automatic;
					};
					1850234E1F373C9100C3470E = {
						CreatedOnToolsVersion = 8.3.3;
						DevelopmentTeam = WZM92B4X3U;
						ProvisioningStyle = Automatic;
						TestTargetID = 185023351F373C9100C3470E;
					};
					185023591F373C9100C3470E = {
						CreatedOnToolsVersion = 8.3.3;
						DevelopmentTeam = WZM92B4X3U;
						ProvisioningStyle = Automatic;
						TestTargetID = 185023351F373C9100C3470E;
					};
				};
			};
			buildConfigurationList = 185023311F373C9100C3470E /* Build configuration list for PBXProject "MDMerchant" */;
			compatibilityVersion = "Xcode 3.2";
			developmentRegion = English;
			hasScannedForEncodings = 0;
			knownRegions = (
				en,
				Base,
			);
			mainGroup = 1850232D1F373C9100C3470E;
			productRefGroup = 185023371F373C9100C3470E /* Products */;
			projectDirPath = "";
			projectRoot = "";
			targets = (
				185023351F373C9100C3470E /* MDMerchant */,
				1850234E1F373C9100C3470E /* MDMerchantTests */,
				185023591F373C9100C3470E /* MDMerchantUITests */,
			);
		};
/* End PBXProject section */

/* Begin PBXResourcesBuildPhase section */
		185023341F373C9100C3470E /* Resources */ = {
			isa = PBXResourcesBuildPhase;
			buildActionMask = 2147483647;
			files = (
				185023491F373C9100C3470E /* LaunchScreen.storyboard in Resources */,
				18E9B8791F4A7A6F00065EF6 /* MDWelcomeViewController.xib in Resources */,
				185023461F373C9100C3470E /* Assets.xcassets in Resources */,
			);
			runOnlyForDeploymentPostprocessing = 0;
		};
		1850234D1F373C9100C3470E /* Resources */ = {
			isa = PBXResourcesBuildPhase;
			buildActionMask = 2147483647;
			files = (
			);
			runOnlyForDeploymentPostprocessing = 0;
		};
		185023581F373C9100C3470E /* Resources */ = {
			isa = PBXResourcesBuildPhase;
			buildActionMask = 2147483647;
			files = (
			);
			runOnlyForDeploymentPostprocessing = 0;
		};
/* End PBXResourcesBuildPhase section */

/* Begin PBXShellScriptBuildPhase section */
		3B8E490D4BF889B787712E99 /* [CP] Check Pods Manifest.lock */ = {
			isa = PBXShellScriptBuildPhase;
			buildActionMask = 2147483647;
			files = (
			);
			inputPaths = (
			);
			name = "[CP] Check Pods Manifest.lock";
			outputPaths = (
			);
			runOnlyForDeploymentPostprocessing = 0;
			shellPath = /bin/sh;
			shellScript = "diff \"${PODS_PODFILE_DIR_PATH}/Podfile.lock\" \"${PODS_ROOT}/Manifest.lock\" > /dev/null\nif [ $? != 0 ] ; then\n    # print error to STDERR\n    echo \"error: The sandbox is not in sync with the Podfile.lock. Run 'pod install' or update your CocoaPods installation.\" >&2\n    exit 1\nfi\n";
			showEnvVarsInLog = 0;
		};
		A704A9C30B4CAC1F28CB2610 /* [CP] Copy Pods Resources */ = {
			isa = PBXShellScriptBuildPhase;
			buildActionMask = 2147483647;
			files = (
			);
			inputPaths = (
			);
			name = "[CP] Copy Pods Resources";
			outputPaths = (
			);
			runOnlyForDeploymentPostprocessing = 0;
			shellPath = /bin/sh;
			shellScript = "\"${SRCROOT}/Pods/Target Support Files/Pods-MDMerchant/Pods-MDMerchant-resources.sh\"\n";
			showEnvVarsInLog = 0;
		};
		C95C1D99AE29AA0D828847B5 /* [CP] Embed Pods Frameworks */ = {
			isa = PBXShellScriptBuildPhase;
			buildActionMask = 2147483647;
			files = (
			);
			inputPaths = (
			);
			name = "[CP] Embed Pods Frameworks";
			outputPaths = (
			);
			runOnlyForDeploymentPostprocessing = 0;
			shellPath = /bin/sh;
			shellScript = "\"${SRCROOT}/Pods/Target Support Files/Pods-MDMerchant/Pods-MDMerchant-frameworks.sh\"\n";
			showEnvVarsInLog = 0;
		};
/* End PBXShellScriptBuildPhase section */

/* Begin PBXSourcesBuildPhase section */
		185023321F373C9100C3470E /* Sources */ = {
			isa = PBXSourcesBuildPhase;
			buildActionMask = 2147483647;
			files = (
				185023871F37473100C3470E /* MDRoundCornerTextField.m in Sources */,
				18ADA2021F3EE4BF00766DA0 /* MDOrderManageViewController.m in Sources */,
				185023B91F3838C700C3470E /* UIBarButtonItem+MDAdd.m in Sources */,
				185023BC1F38414F00C3470E /* MDScrollPageViewController.m in Sources */,
				1850237B1F373F8400C3470E /* MDRegisterViewController.m in Sources */,
				18F9E7541F3EF12100D417AB /* MDGoods.m in Sources */,
				18E9B8641F49934800065EF6 /* MDLoginViewController.m in Sources */,
				18E9B8701F49E4C700065EF6 /* MDSelectedListView.m in Sources */,
				185023841F3745DB00C3470E /* MDNetworkTool.m in Sources */,
				185023B61F3838B700C3470E /* UIButton+MDAdd.m in Sources */,
				18E9B86D1F49DA5600065EF6 /* MDLoginView.m in Sources */,
				18E9B8671F49937F00065EF6 /* MDOtherLoginViewController.m in Sources */,
				18F9E74E1F3EEA7200D417AB /* MDOrderManageTableCell.m in Sources */,
				185023C31F3845BA00C3470E /* MDTabTwoContainerViewController.m in Sources */,
				185023961F3758ED00C3470E /* MDNavigationController.m in Sources */,
				18E9B87F1F4BD8C800065EF6 /* MDSystemCallerUtil.m in Sources */,
				185023991F3759B900C3470E /* UIImage+MDAdd.m in Sources */,
				18E9B8781F4A7A6F00065EF6 /* MDWelcomeViewController.m in Sources */,
				185023B01F38160900C3470E /* MDCompensateViewController.m in Sources */,
				18E9B86A1F49944400065EF6 /* MDRegisterBaseView.m in Sources */,
				1850233E1F373C9100C3470E /* AppDelegate.m in Sources */,
				185023AA1F38152600C3470E /* MDNewOrderViewController.m in Sources */,
				1850238B1F374C1A00C3470E /* UIView+MDAdd.m in Sources */,
				185023AD1F3815C400C3470E /* MDRefundViewController.m in Sources */,
				18E9B8741F49E4FB00065EF6 /* MDSelectedListModel.m in Sources */,
				18F9E7511F3EEABC00D417AB /* MDOrder.m in Sources */,
				185023A01F38113100C3470E /* MDTabOneContainerViewController.m in Sources */,
				18F9E75D1F3EF73800D417AB /* MDSearchBar.m in Sources */,
				185023A71F3812B900C3470E /* MDTitleView.m in Sources */,
				1850233B1F373C9100C3470E /* main.m in Sources */,
				185023B31F3836EF00C3470E /* MDBaseViewController.m in Sources */,
				185023931F37581C00C3470E /* MDTabBarController.m in Sources */,
				1850238E1F3754E100C3470E /* NSArray+MDAdd.m in Sources */,
				18E9B8831F4C0F5100065EF6 /* MDOrderCellLayout.m in Sources */,
			);
			runOnlyForDeploymentPostprocessing = 0;
		};
		1850234B1F373C9100C3470E /* Sources */ = {
			isa = PBXSourcesBuildPhase;
			buildActionMask = 2147483647;
			files = (
				185023541F373C9100C3470E /* MDMerchantTests.m in Sources */,
			);
			runOnlyForDeploymentPostprocessing = 0;
		};
		185023561F373C9100C3470E /* Sources */ = {
			isa = PBXSourcesBuildPhase;
			buildActionMask = 2147483647;
			files = (
				1850235F1F373C9100C3470E /* MDMerchantUITests.m in Sources */,
			);
			runOnlyForDeploymentPostprocessing = 0;
		};
/* End PBXSourcesBuildPhase section */

/* Begin PBXTargetDependency section */
		185023511F373C9100C3470E /* PBXTargetDependency */ = {
			isa = PBXTargetDependency;
			target = 185023351F373C9100C3470E /* MDMerchant */;
			targetProxy = 185023501F373C9100C3470E /* PBXContainerItemProxy */;
		};
		1850235C1F373C9100C3470E /* PBXTargetDependency */ = {
			isa = PBXTargetDependency;
			target = 185023351F373C9100C3470E /* MDMerchant */;
			targetProxy = 1850235B1F373C9100C3470E /* PBXContainerItemProxy */;
		};
/* End PBXTargetDependency section */

/* Begin PBXVariantGroup section */
		185023471F373C9100C3470E /* LaunchScreen.storyboard */ = {
			isa = PBXVariantGroup;
			children = (
				185023481F373C9100C3470E /* Base */,
			);
			name = LaunchScreen.storyboard;
			sourceTree = "<group>";
		};
/* End PBXVariantGroup section */

/* Begin XCBuildConfiguration section */
		185023611F373C9100C3470E /* Debug */ = {
			isa = XCBuildConfiguration;
			buildSettings = {
				ALWAYS_SEARCH_USER_PATHS = NO;
				CLANG_ANALYZER_NONNULL = YES;
				CLANG_ANALYZER_NUMBER_OBJECT_CONVERSION = YES_AGGRESSIVE;
				CLANG_CXX_LANGUAGE_STANDARD = "gnu++0x";
				CLANG_CXX_LIBRARY = "libc++";
				CLANG_ENABLE_MODULES = YES;
				CLANG_ENABLE_OBJC_ARC = YES;
				CLANG_WARN_BOOL_CONVERSION = YES;
				CLANG_WARN_CONSTANT_CONVERSION = YES;
				CLANG_WARN_DIRECT_OBJC_ISA_USAGE = YES_ERROR;
				CLANG_WARN_DOCUMENTATION_COMMENTS = YES;
				CLANG_WARN_EMPTY_BODY = YES;
				CLANG_WARN_ENUM_CONVERSION = YES;
				CLANG_WARN_INFINITE_RECURSION = YES;
				CLANG_WARN_INT_CONVERSION = YES;
				CLANG_WARN_OBJC_ROOT_CLASS = YES_ERROR;
				CLANG_WARN_SUSPICIOUS_MOVE = YES;
				CLANG_WARN_UNREACHABLE_CODE = YES;
				CLANG_WARN__DUPLICATE_METHOD_MATCH = YES;
				"CODE_SIGN_IDENTITY[sdk=iphoneos*]" = "iPhone Developer";
				COPY_PHASE_STRIP = NO;
				DEBUG_INFORMATION_FORMAT = dwarf;
				ENABLE_STRICT_OBJC_MSGSEND = YES;
				ENABLE_TESTABILITY = YES;
				GCC_C_LANGUAGE_STANDARD = gnu99;
				GCC_DYNAMIC_NO_PIC = NO;
				GCC_NO_COMMON_BLOCKS = YES;
				GCC_OPTIMIZATION_LEVEL = 0;
				GCC_PREPROCESSOR_DEFINITIONS = (
					"DEBUG=1",
					"$(inherited)",
				);
				GCC_WARN_64_TO_32_BIT_CONVERSION = YES;
				GCC_WARN_ABOUT_RETURN_TYPE = YES_ERROR;
				GCC_WARN_UNDECLARED_SELECTOR = YES;
				GCC_WARN_UNINITIALIZED_AUTOS = YES_AGGRESSIVE;
				GCC_WARN_UNUSED_FUNCTION = YES;
				GCC_WARN_UNUSED_VARIABLE = YES;
				IPHONEOS_DEPLOYMENT_TARGET = 10.3;
				MTL_ENABLE_DEBUG_INFO = YES;
				ONLY_ACTIVE_ARCH = YES;
				SDKROOT = iphoneos;
			};
			name = Debug;
		};
		185023621F373C9100C3470E /* Release */ = {
			isa = XCBuildConfiguration;
			buildSettings = {
				ALWAYS_SEARCH_USER_PATHS = NO;
				CLANG_ANALYZER_NONNULL = YES;
				CLANG_ANALYZER_NUMBER_OBJECT_CONVERSION = YES_AGGRESSIVE;
				CLANG_CXX_LANGUAGE_STANDARD = "gnu++0x";
				CLANG_CXX_LIBRARY = "libc++";
				CLANG_ENABLE_MODULES = YES;
				CLANG_ENABLE_OBJC_ARC = YES;
				CLANG_WARN_BOOL_CONVERSION = YES;
				CLANG_WARN_CONSTANT_CONVERSION = YES;
				CLANG_WARN_DIRECT_OBJC_ISA_USAGE = YES_ERROR;
				CLANG_WARN_DOCUMENTATION_COMMENTS = YES;
				CLANG_WARN_EMPTY_BODY = YES;
				CLANG_WARN_ENUM_CONVERSION = YES;
				CLANG_WARN_INFINITE_RECURSION = YES;
				CLANG_WARN_INT_CONVERSION = YES;
				CLANG_WARN_OBJC_ROOT_CLASS = YES_ERROR;
				CLANG_WARN_SUSPICIOUS_MOVE = YES;
				CLANG_WARN_UNREACHABLE_CODE = YES;
				CLANG_WARN__DUPLICATE_METHOD_MATCH = YES;
				"CODE_SIGN_IDENTITY[sdk=iphoneos*]" = "iPhone Developer";
				COPY_PHASE_STRIP = NO;
				DEBUG_INFORMATION_FORMAT = "dwarf-with-dsym";
				ENABLE_NS_ASSERTIONS = NO;
				ENABLE_STRICT_OBJC_MSGSEND = YES;
				GCC_C_LANGUAGE_STANDARD = gnu99;
				GCC_NO_COMMON_BLOCKS = YES;
				GCC_WARN_64_TO_32_BIT_CONVERSION = YES;
				GCC_WARN_ABOUT_RETURN_TYPE = YES_ERROR;
				GCC_WARN_UNDECLARED_SELECTOR = YES;
				GCC_WARN_UNINITIALIZED_AUTOS = YES_AGGRESSIVE;
				GCC_WARN_UNUSED_FUNCTION = YES;
				GCC_WARN_UNUSED_VARIABLE = YES;
				IPHONEOS_DEPLOYMENT_TARGET = 10.3;
				MTL_ENABLE_DEBUG_INFO = NO;
				SDKROOT = iphoneos;
				VALIDATE_PRODUCT = YES;
			};
			name = Release;
		};
		185023641F373C9100C3470E /* Debug */ = {
			isa = XCBuildConfiguration;
			baseConfigurationReference = DA8CECD849F616CF33DCC9B7 /* Pods-MDMerchant.debug.xcconfig */;
			buildSettings = {
				ASSETCATALOG_COMPILER_APPICON_NAME = AppIcon;
				DEVELOPMENT_TEAM = WZM92B4X3U;
				GCC_PRECOMPILE_PREFIX_HEADER = YES;
				GCC_PREFIX_HEADER = /Users/apple/Desktop/MDApp/MDMerchant/MDMerchant/Sections/GlobalDefines/MDPrefixHeader.pch;
				INFOPLIST_FILE = MDMerchant/Info.plist;
				LD_RUNPATH_SEARCH_PATHS = "$(inherited) @executable_path/Frameworks";
				PRODUCT_BUNDLE_IDENTIFIER = com.merchant.MDMerchant;
				PRODUCT_NAME = "$(TARGET_NAME)";
			};
			name = Debug;
		};
		185023651F373C9100C3470E /* Release */ = {
			isa = XCBuildConfiguration;
			baseConfigurationReference = 5C11AC5431A115429D87A7D9 /* Pods-MDMerchant.release.xcconfig */;
			buildSettings = {
				ASSETCATALOG_COMPILER_APPICON_NAME = AppIcon;
				DEVELOPMENT_TEAM = WZM92B4X3U;
				GCC_PRECOMPILE_PREFIX_HEADER = YES;
				GCC_PREFIX_HEADER = /Users/apple/Desktop/MDApp/MDMerchant/MDMerchant/Sections/GlobalDefines/MDPrefixHeader.pch;
				INFOPLIST_FILE = MDMerchant/Info.plist;
				LD_RUNPATH_SEARCH_PATHS = "$(inherited) @executable_path/Frameworks";
				PRODUCT_BUNDLE_IDENTIFIER = com.merchant.MDMerchant;
				PRODUCT_NAME = "$(TARGET_NAME)";
			};
			name = Release;
		};
		185023671F373C9100C3470E /* Debug */ = {
			isa = XCBuildConfiguration;
			buildSettings = {
				BUNDLE_LOADER = "$(TEST_HOST)";
				DEVELOPMENT_TEAM = WZM92B4X3U;
				INFOPLIST_FILE = MDMerchantTests/Info.plist;
				LD_RUNPATH_SEARCH_PATHS = "$(inherited) @executable_path/Frameworks @loader_path/Frameworks";
				PRODUCT_BUNDLE_IDENTIFIER = com.merchant.MDMerchantTests;
				PRODUCT_NAME = "$(TARGET_NAME)";
				TEST_HOST = "$(BUILT_PRODUCTS_DIR)/MDMerchant.app/MDMerchant";
			};
			name = Debug;
		};
		185023681F373C9100C3470E /* Release */ = {
			isa = XCBuildConfiguration;
			buildSettings = {
				BUNDLE_LOADER = "$(TEST_HOST)";
				DEVELOPMENT_TEAM = WZM92B4X3U;
				INFOPLIST_FILE = MDMerchantTests/Info.plist;
				LD_RUNPATH_SEARCH_PATHS = "$(inherited) @executable_path/Frameworks @loader_path/Frameworks";
				PRODUCT_BUNDLE_IDENTIFIER = com.merchant.MDMerchantTests;
				PRODUCT_NAME = "$(TARGET_NAME)";
				TEST_HOST = "$(BUILT_PRODUCTS_DIR)/MDMerchant.app/MDMerchant";
			};
			name = Release;
		};
		1850236A1F373C9100C3470E /* Debug */ = {
			isa = XCBuildConfiguration;
			buildSettings = {
				DEVELOPMENT_TEAM = WZM92B4X3U;
				INFOPLIST_FILE = MDMerchantUITests/Info.plist;
				LD_RUNPATH_SEARCH_PATHS = "$(inherited) @executable_path/Frameworks @loader_path/Frameworks";
				PRODUCT_BUNDLE_IDENTIFIER = com.merchant.MDMerchantUITests;
				PRODUCT_NAME = "$(TARGET_NAME)";
				TEST_TARGET_NAME = MDMerchant;
			};
			name = Debug;
		};
		1850236B1F373C9100C3470E /* Release */ = {
			isa = XCBuildConfiguration;
			buildSettings = {
				DEVELOPMENT_TEAM = WZM92B4X3U;
				INFOPLIST_FILE = MDMerchantUITests/Info.plist;
				LD_RUNPATH_SEARCH_PATHS = "$(inherited) @executable_path/Frameworks @loader_path/Frameworks";
				PRODUCT_BUNDLE_IDENTIFIER = com.merchant.MDMerchantUITests;
				PRODUCT_NAME = "$(TARGET_NAME)";
				TEST_TARGET_NAME = MDMerchant;
			};
			name = Release;
		};
/* End XCBuildConfiguration section */

/* Begin XCConfigurationList section */
		185023311F373C9100C3470E /* Build configuration list for PBXProject "MDMerchant" */ = {
			isa = XCConfigurationList;
			buildConfigurations = (
				185023611F373C9100C3470E /* Debug */,
				185023621F373C9100C3470E /* Release */,
			);
			defaultConfigurationIsVisible = 0;
			defaultConfigurationName = Release;
		};
		185023631F373C9100C3470E /* Build configuration list for PBXNativeTarget "MDMerchant" */ = {
			isa = XCConfigurationList;
			buildConfigurations = (
				185023641F373C9100C3470E /* Debug */,
				185023651F373C9100C3470E /* Release */,
			);
			defaultConfigurationIsVisible = 0;
			defaultConfigurationName = Release;
		};
		185023661F373C9100C3470E /* Build configuration list for PBXNativeTarget "MDMerchantTests" */ = {
			isa = XCConfigurationList;
			buildConfigurations = (
				185023671F373C9100C3470E /* Debug */,
				185023681F373C9100C3470E /* Release */,
			);
			defaultConfigurationIsVisible = 0;
			defaultConfigurationName = Release;
		};
		185023691F373C9100C3470E /* Build configuration list for PBXNativeTarget "MDMerchantUITests" */ = {
			isa = XCConfigurationList;
			buildConfigurations = (
				1850236A1F373C9100C3470E /* Debug */,
				1850236B1F373C9100C3470E /* Release */,
			);
			defaultConfigurationIsVisible = 0;
			defaultConfigurationName = Release;
		};
/* End XCConfigurationList section */
	};
	rootObject = 1850232E1F373C9100C3470E /* Project object */;
}
